{
  "name": "truelayer-magento2",
  "version": "2.0.0",
  "lockfileVersion": 3,
  "requires": true,
  "packages": {
    "": {
      "name": "truelayer-magento2",
      "version": "2.0.0",
      "license": "ISC",
      "dependencies": {
        "truelayer-web-sdk": "^0.8.2"
      }
    },
    "node_modules/truelayer-embedded-payment-page": {
      "version": "0.2.25",
      "resolved": "https://registry.npmjs.org/truelayer-embedded-payment-page/-/truelayer-embedded-payment-page-0.2.25.tgz",
      "integrity": "sha512-vnk66EgTE1ADzPuG0aKIZ8E1tRTeRGTWcgQuwZ1rgj7nGyFHoXM2LKUliRvQJvkbh3YS4soIZKlNc8HCabLUhQ=="
    },
    "node_modules/truelayer-web-sdk": {
      "version": "0.8.2",
      "resolved": "https://registry.npmjs.org/truelayer-web-sdk/-/truelayer-web-sdk-0.8.2.tgz",
      "integrity": "sha512-oJm2e7ON963KLzFGYbfdr5ZfMH4SOLT0guRy5szS6oWXPq1TAbn7ioSUeYB+wCQieumtRDKtZRC2BpifPr+Q4w==",
      "license": "ISC",
      "dependencies": {
        "truelayer-embedded-payment-page": "0.2.25"
      }
    }
  }
}
