{
  "name": "truelayer-magento2",
  "version": "2.0.0",
  "lockfileVersion": 3,
  "requires": true,
  "packages": {
    "": {
      "name": "truelayer-magento2",
      "version": "2.0.0",
      "license": "ISC",
      "dependencies": {
        "truelayer-web-sdk": "^0.6.0"
      }
    },
    "node_modules/truelayer-web-sdk": {
      "version": "0.6.0",
      "resolved": "https://truelayer.jfrog.io/artifactory/api/npm/npm/truelayer-web-sdk/-/truelayer-web-sdk-0.6.0.tgz",
      "integrity": "sha512-aux/wQm3YwxZg48dyQfRmSYS9MpuNqkEoWS15JA4qLy5C456DXKA6blC0WdVKDWO8ktWQYR0hchD8nwk49kI3g=="
    }
  }
}
